// !$*UTF8*$!
{
	archiveVersion = 1;
	classes = {
	};
	objectVersion = 46;
	objects = {

/* Begin PBXBuildFile section */
		4D2A080C1D6F749800BB9FB7 /* AppDelegate.swift in Sources */ = {isa = PBXBuildFile; fileRef = 4D2A080B1D6F749800BB9FB7 /* AppDelegate.swift */; };
		4D2A080E1D6F749800BB9FB7 /* ParserViewController.swift in Sources */ = {isa = PBXBuildFile; fileRef = 4D2A080D1D6F749800BB9FB7 /* ParserViewController.swift */; };
		4D2A08101D6F749800BB9FB7 /* Assets.xcassets in Resources */ = {isa = PBXBuildFile; fileRef = 4D2A080F1D6F749800BB9FB7 /* Assets.xcassets */; };
		4D2A08131D6F749800BB9FB7 /* Main.storyboard in Resources */ = {isa = PBXBuildFile; fileRef = 4D2A08111D6F749800BB9FB7 /* Main.storyboard */; };
		4D2A081C1D6F74C700BB9FB7 /* Parser.swift in Sources */ = {isa = PBXBuildFile; fileRef = 4D2A081B1D6F74C700BB9FB7 /* Parser.swift */; };
		4D3223AE1DE28C450058B742 /* JoseParserTests.swift in Sources */ = {isa = PBXBuildFile; fileRef = 4D3223AD1DE28C450058B742 /* JoseParserTests.swift */; };
		4DE50CC61DE13DBE00AFD5D1 /* PreferencesViewController.swift in Sources */ = {isa = PBXBuildFile; fileRef = 4DE50CC51DE13DBE00AFD5D1 /* PreferencesViewController.swift */; };
		4DE50CCA1DE255A200AFD5D1 /* Constants.swift in Sources */ = {isa = PBXBuildFile; fileRef = 4DE50CC91DE255A200AFD5D1 /* Constants.swift */; };
/* End PBXBuildFile section */

/* Begin PBXContainerItemProxy section */
		4D3223B01DE28C450058B742 /* PBXContainerItemProxy */ = {
			isa = PBXContainerItemProxy;
			containerPortal = 4D2A08001D6F749800BB9FB7 /* Project object */;
			proxyType = 1;
			remoteGlobalIDString = 4D2A08071D6F749800BB9FB7;
			remoteInfo = JoseParser;
		};
/* End PBXContainerItemProxy section */

/* Begin PBXFileReference section */
		4D2A08081D6F749800BB9FB7 /* Rosetta.app */ = {isa = PBXFileReference; explicitFileType = wrapper.application; includeInIndex = 0; path = Rosetta.app; sourceTree = BUILT_PRODUCTS_DIR; };
		4D2A080B1D6F749800BB9FB7 /* AppDelegate.swift */ = {isa = PBXFileReference; lastKnownFileType = sourcecode.swift; path = AppDelegate.swift; sourceTree = "<group>"; };
		4D2A080D1D6F749800BB9FB7 /* ParserViewController.swift */ = {isa = PBXFileReference; lastKnownFileType = sourcecode.swift; name = ParserViewController.swift; path = Controller/ParserViewController.swift; sourceTree = "<group>"; };
		4D2A080F1D6F749800BB9FB7 /* Assets.xcassets */ = {isa = PBXFileReference; lastKnownFileType = folder.assetcatalog; path = Assets.xcassets; sourceTree = "<group>"; };
		4D2A08121D6F749800BB9FB7 /* Base */ = {isa = PBXFileReference; lastKnownFileType = file.storyboard; name = Base; path = Base.lproj/Main.storyboard; sourceTree = "<group>"; };
		4D2A08141D6F749800BB9FB7 /* Info.plist */ = {isa = PBXFileReference; lastKnownFileType = text.plist.xml; path = Info.plist; sourceTree = "<group>"; };
		4D2A081B1D6F74C700BB9FB7 /* Parser.swift */ = {isa = PBXFileReference; fileEncoding = 4; lastKnownFileType = sourcecode.swift; path = Parser.swift; sourceTree = "<group>"; };
		4D3223AB1DE28C450058B742 /* RosettaTests.xctest */ = {isa = PBXFileReference; explicitFileType = wrapper.cfbundle; includeInIndex = 0; path = RosettaTests.xctest; sourceTree = BUILT_PRODUCTS_DIR; };
		4D3223AD1DE28C450058B742 /* JoseParserTests.swift */ = {isa = PBXFileReference; lastKnownFileType = sourcecode.swift; path = JoseParserTests.swift; sourceTree = "<group>"; };
		4D3223AF1DE28C450058B742 /* Info.plist */ = {isa = PBXFileReference; lastKnownFileType = text.plist.xml; path = Info.plist; sourceTree = "<group>"; };
		4DE50CC51DE13DBE00AFD5D1 /* PreferencesViewController.swift */ = {isa = PBXFileReference; fileEncoding = 4; lastKnownFileType = sourcecode.swift; name = PreferencesViewController.swift; path = Controller/PreferencesViewController.swift; sourceTree = "<group>"; };
		4DE50CC91DE255A200AFD5D1 /* Constants.swift */ = {isa = PBXFileReference; fileEncoding = 4; lastKnownFileType = sourcecode.swift; name = Constants.swift; path = Configuration/Constants.swift; sourceTree = "<group>"; };
/* End PBXFileReference section */

/* Begin PBXFrameworksBuildPhase section */
		4D2A08051D6F749800BB9FB7 /* Frameworks */ = {
			isa = PBXFrameworksBuildPhase;
			buildActionMask = 2147483647;
			files = (
			);
			runOnlyForDeploymentPostprocessing = 0;
		};
		4D3223A81DE28C450058B742 /* Frameworks */ = {
			isa = PBXFrameworksBuildPhase;
			buildActionMask = 2147483647;
			files = (
			);
			runOnlyForDeploymentPostprocessing = 0;
		};
/* End PBXFrameworksBuildPhase section */

/* Begin PBXGroup section */
		4D2A07FF1D6F749800BB9FB7 = {
			isa = PBXGroup;
			children = (
				4D2A080A1D6F749800BB9FB7 /* JoseParser */,
				4D3223AC1DE28C450058B742 /* JoseParserTests */,
				4D2A08091D6F749800BB9FB7 /* Products */,
			);
			sourceTree = "<group>";
		};
		4D2A08091D6F749800BB9FB7 /* Products */ = {
			isa = PBXGroup;
			children = (
				4D2A08081D6F749800BB9FB7 /* Rosetta.app */,
				4D3223AB1DE28C450058B742 /* RosettaTests.xctest */,
			);
			name = Products;
			sourceTree = "<group>";
		};
		4D2A080A1D6F749800BB9FB7 /* JoseParser */ = {
			isa = PBXGroup;
			children = (
				4DE50CC81DE2544E00AFD5D1 /* Configuration */,
				4DE50CC71DE13DC600AFD5D1 /* Controller */,
				4D2A081A1D6F74AC00BB9FB7 /* Model */,
				4D2A080B1D6F749800BB9FB7 /* AppDelegate.swift */,
				4D2A080F1D6F749800BB9FB7 /* Assets.xcassets */,
				4D2A08111D6F749800BB9FB7 /* Main.storyboard */,
				4D2A08141D6F749800BB9FB7 /* Info.plist */,
			);
			path = JoseParser;
			sourceTree = "<group>";
		};
		4D2A081A1D6F74AC00BB9FB7 /* Model */ = {
			isa = PBXGroup;
			children = (
				4D2A081B1D6F74C700BB9FB7 /* Parser.swift */,
			);
			name = Model;
			sourceTree = "<group>";
		};
		4D3223AC1DE28C450058B742 /* JoseParserTests */ = {
			isa = PBXGroup;
			children = (
				4D3223AD1DE28C450058B742 /* JoseParserTests.swift */,
				4D3223AF1DE28C450058B742 /* Info.plist */,
			);
			path = JoseParserTests;
			sourceTree = "<group>";
		};
		4DE50CC71DE13DC600AFD5D1 /* Controller */ = {
			isa = PBXGroup;
			children = (
				4DE50CC51DE13DBE00AFD5D1 /* PreferencesViewController.swift */,
				4D2A080D1D6F749800BB9FB7 /* ParserViewController.swift */,
			);
			name = Controller;
			sourceTree = "<group>";
		};
		4DE50CC81DE2544E00AFD5D1 /* Configuration */ = {
			isa = PBXGroup;
			children = (
				4DE50CC91DE255A200AFD5D1 /* Constants.swift */,
			);
			name = Configuration;
			sourceTree = "<group>";
		};
/* End PBXGroup section */

/* Begin PBXNativeTarget section */
		4D2A08071D6F749800BB9FB7 /* Rosetta */ = {
			isa = PBXNativeTarget;
			buildConfigurationList = 4D2A08171D6F749800BB9FB7 /* Build configuration list for PBXNativeTarget "Rosetta" */;
			buildPhases = (
				4D2A08041D6F749800BB9FB7 /* Sources */,
				4D2A08051D6F749800BB9FB7 /* Frameworks */,
				4D2A08061D6F749800BB9FB7 /* Resources */,
			);
			buildRules = (
			);
			dependencies = (
			);
			name = Rosetta;
			productName = JoseParser;
			productReference = 4D2A08081D6F749800BB9FB7 /* Rosetta.app */;
			productType = "com.apple.product-type.application";
		};
		4D3223AA1DE28C450058B742 /* RosettaTests */ = {
			isa = PBXNativeTarget;
			buildConfigurationList = 4D3223B41DE28C450058B742 /* Build configuration list for PBXNativeTarget "RosettaTests" */;
			buildPhases = (
				4D3223A71DE28C450058B742 /* Sources */,
				4D3223A81DE28C450058B742 /* Frameworks */,
				4D3223A91DE28C450058B742 /* Resources */,
			);
			buildRules = (
			);
			dependencies = (
				4D3223B11DE28C450058B742 /* PBXTargetDependency */,
			);
			name = RosettaTests;
			productName = JoseParserTests;
			productReference = 4D3223AB1DE28C450058B742 /* RosettaTests.xctest */;
			productType = "com.apple.product-type.bundle.unit-test";
		};
/* End PBXNativeTarget section */

/* Begin PBXProject section */
		4D2A08001D6F749800BB9FB7 /* Project object */ = {
			isa = PBXProject;
			attributes = {
				LastSwiftUpdateCheck = 0800;
				LastUpgradeCheck = 0800;
				ORGANIZATIONNAME = joamafer;
				TargetAttributes = {
					4D2A08071D6F749800BB9FB7 = {
						CreatedOnToolsVersion = 7.3;
						LastSwiftMigration = 0800;
					};
					4D3223AA1DE28C450058B742 = {
						CreatedOnToolsVersion = 8.0;
						DevelopmentTeam = 5B3AET4U6J;
						ProvisioningStyle = Automatic;
						TestTargetID = 4D2A08071D6F749800BB9FB7;
					};
				};
			};
			buildConfigurationList = 4D2A08031D6F749800BB9FB7 /* Build configuration list for PBXProject "Rosetta" */;
			compatibilityVersion = "Xcode 3.2";
			developmentRegion = English;
			hasScannedForEncodings = 0;
			knownRegions = (
				en,
				Base,
			);
			mainGroup = 4D2A07FF1D6F749800BB9FB7;
			productRefGroup = 4D2A08091D6F749800BB9FB7 /* Products */;
			projectDirPath = "";
			projectRoot = "";
			targets = (
				4D2A08071D6F749800BB9FB7 /* Rosetta */,
				4D3223AA1DE28C450058B742 /* RosettaTests */,
			);
		};
/* End PBXProject section */

/* Begin PBXResourcesBuildPhase section */
		4D2A08061D6F749800BB9FB7 /* Resources */ = {
			isa = PBXResourcesBuildPhase;
			buildActionMask = 2147483647;
			files = (
				4D2A08101D6F749800BB9FB7 /* Assets.xcassets in Resources */,
				4D2A08131D6F749800BB9FB7 /* Main.storyboard in Resources */,
			);
			runOnlyForDeploymentPostprocessing = 0;
		};
		4D3223A91DE28C450058B742 /* Resources */ = {
			isa = PBXResourcesBuildPhase;
			buildActionMask = 2147483647;
			files = (
			);
			runOnlyForDeploymentPostprocessing = 0;
		};
/* End PBXResourcesBuildPhase section */

/* Begin PBXSourcesBuildPhase section */
		4D2A08041D6F749800BB9FB7 /* Sources */ = {
			isa = PBXSourcesBuildPhase;
			buildActionMask = 2147483647;
			files = (
				4D2A080E1D6F749800BB9FB7 /* ParserViewController.swift in Sources */,
				4DE50CCA1DE255A200AFD5D1 /* Constants.swift in Sources */,
				4D2A080C1D6F749800BB9FB7 /* AppDelegate.swift in Sources */,
				4D2A081C1D6F74C700BB9FB7 /* Parser.swift in Sources */,
				4DE50CC61DE13DBE00AFD5D1 /* PreferencesViewController.swift in Sources */,
			);
			runOnlyForDeploymentPostprocessing = 0;
		};
		4D3223A71DE28C450058B742 /* Sources */ = {
			isa = PBXSourcesBuildPhase;
			buildActionMask = 2147483647;
			files = (
				4D3223AE1DE28C450058B742 /* JoseParserTests.swift in Sources */,
			);
			runOnlyForDeploymentPostprocessing = 0;
		};
/* End PBXSourcesBuildPhase section */

/* Begin PBXTargetDependency section */
		4D3223B11DE28C450058B742 /* PBXTargetDependency */ = {
			isa = PBXTargetDependency;
			target = 4D2A08071D6F749800BB9FB7 /* Rosetta */;
			targetProxy = 4D3223B01DE28C450058B742 /* PBXContainerItemProxy */;
		};
/* End PBXTargetDependency section */

/* Begin PBXVariantGroup section */
		4D2A08111D6F749800BB9FB7 /* Main.storyboard */ = {
			isa = PBXVariantGroup;
			children = (
				4D2A08121D6F749800BB9FB7 /* Base */,
			);
			name = Main.storyboard;
			sourceTree = "<group>";
		};
/* End PBXVariantGroup section */

/* Begin XCBuildConfiguration section */
		4D2A08151D6F749800BB9FB7 /* Debug */ = {
			isa = XCBuildConfiguration;
			buildSettings = {
				ALWAYS_SEARCH_USER_PATHS = NO;
				CLANG_ANALYZER_NONNULL = YES;
				CLANG_CXX_LANGUAGE_STANDARD = "gnu++0x";
				CLANG_CXX_LIBRARY = "libc++";
				CLANG_ENABLE_MODULES = YES;
				CLANG_ENABLE_OBJC_ARC = YES;
				CLANG_WARN_BOOL_CONVERSION = YES;
				CLANG_WARN_CONSTANT_CONVERSION = YES;
				CLANG_WARN_DIRECT_OBJC_ISA_USAGE = YES_ERROR;
				CLANG_WARN_EMPTY_BODY = YES;
				CLANG_WARN_ENUM_CONVERSION = YES;
				CLANG_WARN_INFINITE_RECURSION = YES;
				CLANG_WARN_INT_CONVERSION = YES;
				CLANG_WARN_OBJC_ROOT_CLASS = YES_ERROR;
				CLANG_WARN_SUSPICIOUS_MOVE = YES;
				CLANG_WARN_UNREACHABLE_CODE = YES;
				CLANG_WARN__DUPLICATE_METHOD_MATCH = YES;
				CODE_SIGN_IDENTITY = "-";
				COPY_PHASE_STRIP = NO;
				DEBUG_INFORMATION_FORMAT = dwarf;
				ENABLE_STRICT_OBJC_MSGSEND = YES;
				ENABLE_TESTABILITY = YES;
				GCC_C_LANGUAGE_STANDARD = gnu99;
				GCC_DYNAMIC_NO_PIC = NO;
				GCC_NO_COMMON_BLOCKS = YES;
				GCC_OPTIMIZATION_LEVEL = 0;
				GCC_PREPROCESSOR_DEFINITIONS = (
					"DEBUG=1",
					"$(inherited)",
				);
				GCC_WARN_64_TO_32_BIT_CONVERSION = YES;
				GCC_WARN_ABOUT_RETURN_TYPE = YES_ERROR;
				GCC_WARN_UNDECLARED_SELECTOR = YES;
				GCC_WARN_UNINITIALIZED_AUTOS = YES_AGGRESSIVE;
				GCC_WARN_UNUSED_FUNCTION = YES;
				GCC_WARN_UNUSED_VARIABLE = YES;
				MACOSX_DEPLOYMENT_TARGET = 10.11;
				MTL_ENABLE_DEBUG_INFO = YES;
				ONLY_ACTIVE_ARCH = YES;
				SDKROOT = macosx;
				SWIFT_OPTIMIZATION_LEVEL = "-Onone";
			};
			name = Debug;
		};
		4D2A08161D6F749800BB9FB7 /* Release */ = {
			isa = XCBuildConfiguration;
			buildSettings = {
				ALWAYS_SEARCH_USER_PATHS = NO;
				CLANG_ANALYZER_NONNULL = YES;
				CLANG_CXX_LANGUAGE_STANDARD = "gnu++0x";
				CLANG_CXX_LIBRARY = "libc++";
				CLANG_ENABLE_MODULES = YES;
				CLANG_ENABLE_OBJC_ARC = YES;
				CLANG_WARN_BOOL_CONVERSION = YES;
				CLANG_WARN_CONSTANT_CONVERSION = YES;
				CLANG_WARN_DIRECT_OBJC_ISA_USAGE = YES_ERROR;
				CLANG_WARN_EMPTY_BODY = YES;
				CLANG_WARN_ENUM_CONVERSION = YES;
				CLANG_WARN_INFINITE_RECURSION = YES;
				CLANG_WARN_INT_CONVERSION = YES;
				CLANG_WARN_OBJC_ROOT_CLASS = YES_ERROR;
				CLANG_WARN_SUSPICIOUS_MOVE = YES;
				CLANG_WARN_UNREACHABLE_CODE = YES;
				CLANG_WARN__DUPLICATE_METHOD_MATCH = YES;
				CODE_SIGN_IDENTITY = "-";
				COPY_PHASE_STRIP = NO;
				DEBUG_INFORMATION_FORMAT = "dwarf-with-dsym";
				ENABLE_NS_ASSERTIONS = NO;
				ENABLE_STRICT_OBJC_MSGSEND = YES;
				GCC_C_LANGUAGE_STANDARD = gnu99;
				GCC_NO_COMMON_BLOCKS = YES;
				GCC_WARN_64_TO_32_BIT_CONVERSION = YES;
				GCC_WARN_ABOUT_RETURN_TYPE = YES_ERROR;
				GCC_WARN_UNDECLARED_SELECTOR = YES;
				GCC_WARN_UNINITIALIZED_AUTOS = YES_AGGRESSIVE;
				GCC_WARN_UNUSED_FUNCTION = YES;
				GCC_WARN_UNUSED_VARIABLE = YES;
				MACOSX_DEPLOYMENT_TARGET = 10.11;
				MTL_ENABLE_DEBUG_INFO = NO;
				SDKROOT = macosx;
				SWIFT_OPTIMIZATION_LEVEL = "-Owholemodule";
			};
			name = Release;
		};
		4D2A08181D6F749800BB9FB7 /* Debug */ = {
			isa = XCBuildConfiguration;
			buildSettings = {
				ASSETCATALOG_COMPILER_APPICON_NAME = AppIcon;
				COMBINE_HIDPI_IMAGES = YES;
				INFOPLIST_FILE = JoseParser/Info.plist;
				LD_RUNPATH_SEARCH_PATHS = "$(inherited) @executable_path/../Frameworks";
				PRODUCT_BUNDLE_IDENTIFIER = com.joamafer.JoseParser;
				PRODUCT_NAME = "$(TARGET_NAME)";
				SWIFT_VERSION = 3.0;
			};
			name = Debug;
		};
		4D2A08191D6F749800BB9FB7 /* Release */ = {
			isa = XCBuildConfiguration;
			buildSettings = {
				ASSETCATALOG_COMPILER_APPICON_NAME = AppIcon;
				COMBINE_HIDPI_IMAGES = YES;
				INFOPLIST_FILE = JoseParser/Info.plist;
				LD_RUNPATH_SEARCH_PATHS = "$(inherited) @executable_path/../Frameworks";
				PRODUCT_BUNDLE_IDENTIFIER = com.joamafer.JoseParser;
				PRODUCT_NAME = "$(TARGET_NAME)";
				SWIFT_VERSION = 3.0;
			};
			name = Release;
		};
		4D3223B21DE28C450058B742 /* Debug */ = {
			isa = XCBuildConfiguration;
			buildSettings = {
				BUNDLE_LOADER = "$(TEST_HOST)";
				CLANG_WARN_DOCUMENTATION_COMMENTS = YES;
				CLANG_WARN_SUSPICIOUS_MOVES = YES;
				COMBINE_HIDPI_IMAGES = YES;
				DEVELOPMENT_TEAM = 5B3AET4U6J;
				INFOPLIST_FILE = JoseParserTests/Info.plist;
				LD_RUNPATH_SEARCH_PATHS = "$(inherited) @executable_path/../Frameworks @loader_path/../Frameworks";
				MACOSX_DEPLOYMENT_TARGET = 10.12;
				PRODUCT_BUNDLE_IDENTIFIER = com.joamafer.JoseParserTests;
				PRODUCT_NAME = "$(TARGET_NAME)";
				SWIFT_ACTIVE_COMPILATION_CONDITIONS = DEBUG;
				SWIFT_VERSION = 3.0;
				TEST_HOST = "$(BUILT_PRODUCTS_DIR)/Rosetta.app/Contents/MacOS/Rosetta";
			};
			name = Debug;
		};
		4D3223B31DE28C450058B742 /* Release */ = {
			isa = XCBuildConfiguration;
			buildSettings = {
				BUNDLE_LOADER = "$(TEST_HOST)";
				CLANG_WARN_DOCUMENTATION_COMMENTS = YES;
				CLANG_WARN_SUSPICIOUS_MOVES = YES;
				COMBINE_HIDPI_IMAGES = YES;
				DEVELOPMENT_TEAM = 5B3AET4U6J;
				INFOPLIST_FILE = JoseParserTests/Info.plist;
				LD_RUNPATH_SEARCH_PATHS = "$(inherited) @executable_path/../Frameworks @loader_path/../Frameworks";
				MACOSX_DEPLOYMENT_TARGET = 10.12;
				PRODUCT_BUNDLE_IDENTIFIER = com.joamafer.JoseParserTests;
				PRODUCT_NAME = "$(TARGET_NAME)";
				SWIFT_VERSION = 3.0;
				TEST_HOST = "$(BUILT_PRODUCTS_DIR)/Rosetta.app/Contents/MacOS/Rosetta";
			};
			name = Release;
		};
/* End XCBuildConfiguration section */

/* Begin XCConfigurationList section */
		4D2A08031D6F749800BB9FB7 /* Build configuration list for PBXProject "Rosetta" */ = {
			isa = XCConfigurationList;
			buildConfigurations = (
				4D2A08151D6F749800BB9FB7 /* Debug */,
				4D2A08161D6F749800BB9FB7 /* Release */,
			);
			defaultConfigurationIsVisible = 0;
			defaultConfigurationName = Release;
		};
		4D2A08171D6F749800BB9FB7 /* Build configuration list for PBXNativeTarget "Rosetta" */ = {
			isa = XCConfigurationList;
			buildConfigurations = (
				4D2A08181D6F749800BB9FB7 /* Debug */,
				4D2A08191D6F749800BB9FB7 /* Release */,
			);
			defaultConfigurationIsVisible = 0;
			defaultConfigurationName = Release;
		};
		4D3223B41DE28C450058B742 /* Build configuration list for PBXNativeTarget "RosettaTests" */ = {
			isa = XCConfigurationList;
			buildConfigurations = (
				4D3223B21DE28C450058B742 /* Debug */,
				4D3223B31DE28C450058B742 /* Release */,
			);
			defaultConfigurationIsVisible = 0;
			defaultConfigurationName = Release;
		};
/* End XCConfigurationList section */
	};
	rootObject = 4D2A08001D6F749800BB9FB7 /* Project object */;
}
